
Microsoft Visual Studio Solution File, Format Version 12.00
# Visual Studio Version 17
VisualStudioVersion = 17.0.31710.8
MinimumVisualStudioVersion = 10.0.40219.1
Project("{FAE04EC0-301F-11D3-BF4B-00C04F79EFBC}") = "EmployeeApi", "EmployeeApi\EmployeeApi.csproj", "{B9BC9A96-5EB0-4A0C-91F0-1E202FFD3238}"
EndProject
Global
	GlobalSection(SolutionConfigurationPlatforms) = preSolution
		Debug|Any CPU = Debug|Any CPU
		Release|Any CPU = Release|Any CPU
	EndGlobalSection
	GlobalSection(ProjectConfigurationPlatforms) = postSolution
		{B9BC9A96-5EB0-4A0C-91F0-1E202FFD3238}.Debug|Any CPU.ActiveCfg = Debug|Any CPU
		{B9BC9A96-5EB0-4A0C-91F0-1E202FFD3238}.Debug|Any CPU.Build.0 = Debug|Any CPU
		{B9BC9A96-5EB0-4A0C-91F0-1E202FFD3238}.Release|Any CPU.ActiveCfg = Release|Any CPU
		{B9BC9A96-5EB0-4A0C-91F0-1E202FFD3238}.Release|Any CPU.Build.0 = Release|Any CPU
	EndGlobalSection
	GlobalSection(SolutionProperties) = preSolution
		HideSolutionNode = FALSE
	EndGlobalSection
	GlobalSection(ExtensibilityGlobals) = postSolution
		SolutionGuid = {B0D8DECA-7C75-47EF-912B-1ED90E9B6B8D}
	EndGlobalSection
EndGlobal
